
Microsoft Visual Studio Solution File, Format Version 12.00
# Visual Studio 2013
VisualStudioVersion = 12.0.21005.1
MinimumVisualStudioVersion = 10.0.40219.1
Project("{159641D6-6404-4A2A-AE62-294DE0FE8301}") = "Client_Sparepart", "Client_Sparepart\Client_Sparepart.dtproj", "{32366A1A-9156-4471-92D6-7EAB37C6F951}"
EndProject
Global
	GlobalSection(SolutionConfigurationPlatforms) = preSolution
		Development|Default = Development|Default
	EndGlobalSection
	GlobalSection(ProjectConfigurationPlatforms) = postSolution
		{32366A1A-9156-4471-92D6-7EAB37C6F951}.Development|Default.ActiveCfg = Development
		{32366A1A-9156-4471-92D6-7EAB37C6F951}.Development|Default.Build.0 = Development
	EndGlobalSection
	GlobalSection(SolutionProperties) = preSolution
		HideSolutionNode = FALSE
	EndGlobalSection
EndGlobal
