
Microsoft Visual Studio Solution File, Format Version 12.00
# Visual Studio 2013
VisualStudioVersion = 12.0.21005.1
MinimumVisualStudioVersion = 10.0.40219.1
Project("{159641D6-6404-4A2A-AE62-294DE0FE8301}") = "Client_Locations", "Client_Locations\Client_Locations.dtproj", "{71B64814-18C0-4190-BC1B-0BFFA1F68928}"
EndProject
Global
	GlobalSection(SolutionConfigurationPlatforms) = preSolution
		Development|Default = Development|Default
	EndGlobalSection
	GlobalSection(ProjectConfigurationPlatforms) = postSolution
		{71B64814-18C0-4190-BC1B-0BFFA1F68928}.Development|Default.ActiveCfg = Development
		{71B64814-18C0-4190-BC1B-0BFFA1F68928}.Development|Default.Build.0 = Development
	EndGlobalSection
	GlobalSection(SolutionProperties) = preSolution
		HideSolutionNode = FALSE
	EndGlobalSection
EndGlobal
